
Microsoft Visual Studio Solution File, Format Version 12.00
# Visual Studio 2013
VisualStudioVersion = 12.0.30501.0
MinimumVisualStudioVersion = 10.0.40219.1
Project("{FAE04EC0-301F-11D3-BF4B-00C04F79EFBC}") = "D3ApiDotNet.DataAccess", "D3ApiDotNet.DataAccess\D3ApiDotNet.DataAccess.csproj", "{42AEDB63-1943-4FF2-97DF-E206A90A3952}"
EndProject
Project("{FAE04EC0-301F-11D3-BF4B-00C04F79EFBC}") = "D3ApiDotNet.Core", "D3ApiDotNet.Core\D3ApiDotNet.Core.csproj", "{367579F4-0FC5-40C1-86BD-CC162861B327}"
EndProject
Project("{FAE04EC0-301F-11D3-BF4B-00C04F79EFBC}") = "D3ApiDotNet.TextConsoleApplication", "D3ApiDotNet.TextConsoleApplication\D3ApiDotNet.TextConsoleApplication.csproj", "{090B16B3-537D-4BF3-A9F6-D7A1DC3F4A03}"
EndProject
Global
	GlobalSection(SolutionConfigurationPlatforms) = preSolution
		Debug|Any CPU = Debug|Any CPU
		Release|Any CPU = Release|Any CPU
	EndGlobalSection
	GlobalSection(ProjectConfigurationPlatforms) = postSolution
		{42AEDB63-1943-4FF2-97DF-E206A90A3952}.Debug|Any CPU.ActiveCfg = Debug|Any CPU
		{42AEDB63-1943-4FF2-97DF-E206A90A3952}.Debug|Any CPU.Build.0 = Debug|Any CPU
		{42AEDB63-1943-4FF2-97DF-E206A90A3952}.Release|Any CPU.ActiveCfg = Release|Any CPU
		{42AEDB63-1943-4FF2-97DF-E206A90A3952}.Release|Any CPU.Build.0 = Release|Any CPU
		{367579F4-0FC5-40C1-86BD-CC162861B327}.Debug|Any CPU.ActiveCfg = Debug|Any CPU
		{367579F4-0FC5-40C1-86BD-CC162861B327}.Debug|Any CPU.Build.0 = Debug|Any CPU
		{367579F4-0FC5-40C1-86BD-CC162861B327}.Release|Any CPU.ActiveCfg = Release|Any CPU
		{367579F4-0FC5-40C1-86BD-CC162861B327}.Release|Any CPU.Build.0 = Release|Any CPU
		{090B16B3-537D-4BF3-A9F6-D7A1DC3F4A03}.Debug|Any CPU.ActiveCfg = Debug|Any CPU
		{090B16B3-537D-4BF3-A9F6-D7A1DC3F4A03}.Debug|Any CPU.Build.0 = Debug|Any CPU
		{090B16B3-537D-4BF3-A9F6-D7A1DC3F4A03}.Release|Any CPU.ActiveCfg = Release|Any CPU
		{090B16B3-537D-4BF3-A9F6-D7A1DC3F4A03}.Release|Any CPU.Build.0 = Release|Any CPU
	EndGlobalSection
	GlobalSection(SolutionProperties) = preSolution
		HideSolutionNode = FALSE
	EndGlobalSection
EndGlobal
